{
  "name": "root",
  "version": "1.0.0",
  "lockfileVersion": 3,
  "packages": {
    "": {
      "name": "root",
      "version": "1.0.0",
      "workspaces": ["packages/w"],
      "dependencies": { "w": "*" }
    },
    "node_modules/w": { "resolved": "packages/w", "link": true },
    "packages/w": {
      "name": "w",
      "version": "1.0.0",
      "dependencies": { "lodash": "^4.0.0" }
    },
    "node_modules/lodash": {
      "version": "4.17.21",
      "resolved": "https://registry.npmjs.org/lodash/-/lodash-4.17.21.tgz"
    }
  }
}
