# THIS IS AN AUTOGENERATED FILE. DO NOT EDIT THIS FILE DIRECTLY.
# yarn lockfile v1


a@^1.0.0:
  version "1.0.0"
  resolved "https://registry.yarnpkg.com/a/-/a-1.0.0.tgz#aaaa"
  peerDependencies:
    react "^17.0.0"

react@^17.0.0:
  version "17.0.2"
  resolved "https://registry.yarnpkg.com/react/-/react-17.0.2.tgz#bbbb"
